
Microsoft Visual Studio Solution File, Format Version 12.00
# Visual Studio Version 16
VisualStudioVersion = 16.0.31613.86
MinimumVisualStudioVersion = 10.0.40219.1
Project("{FAE04EC0-301F-11D3-BF4B-00C04F79EFBC}") = "CAN_Loader", "CAN_Loader\CAN_Loader.csproj", "{5CC25FD2-0960-4013-A871-885EAB74BFED}"
EndProject
Project("{2150E333-8FDC-42A3-9474-1A3956D46DE8}") = "Solution Items", "Solution Items", "{F0DEDA0B-0CB5-404F-8269-6751890FCE5E}"
	ProjectSection(SolutionItems) = preProject
		.editorconfig = .editorconfig
	EndProjectSection
EndProject
Global
	GlobalSection(SolutionConfigurationPlatforms) = preSolution
		Debug|Any CPU = Debug|Any CPU
		Release|Any CPU = Release|Any CPU
	EndGlobalSection
	GlobalSection(ProjectConfigurationPlatforms) = postSolution
		{5CC25FD2-0960-4013-A871-885EAB74BFED}.Debug|Any CPU.ActiveCfg = Debug|Any CPU
		{5CC25FD2-0960-4013-A871-885EAB74BFED}.Debug|Any CPU.Build.0 = Debug|Any CPU
		{5CC25FD2-0960-4013-A871-885EAB74BFED}.Release|Any CPU.ActiveCfg = Release|Any CPU
		{5CC25FD2-0960-4013-A871-885EAB74BFED}.Release|Any CPU.Build.0 = Release|Any CPU
	EndGlobalSection
	GlobalSection(SolutionProperties) = preSolution
		HideSolutionNode = FALSE
	EndGlobalSection
	GlobalSection(ExtensibilityGlobals) = postSolution
		SolutionGuid = {E75F790A-5E7B-4BE5-8B2E-359A456085C3}
	EndGlobalSection
EndGlobal
